
Microsoft Visual Studio Solution File, Format Version 12.00
# Visual Studio Version 16
VisualStudioVersion = 16.0.32802.440
MinimumVisualStudioVersion = 10.0.40219.1
Project("{FAE04EC0-301F-11D3-BF4B-00C04F79EFBC}") = "QuanLyNhanVien", "QuanLyNhanVien.csproj", "{AA416374-CAA0-4D60-9719-01DE60E0A285}"
EndProject
Global
	GlobalSection(SolutionConfigurationPlatforms) = preSolution
		Debug|Any CPU = Debug|Any CPU
		Release|Any CPU = Release|Any CPU
	EndGlobalSection
	GlobalSection(ProjectConfigurationPlatforms) = postSolution
		{AA416374-CAA0-4D60-9719-01DE60E0A285}.Debug|Any CPU.ActiveCfg = Debug|Any CPU
		{AA416374-CAA0-4D60-9719-01DE60E0A285}.Debug|Any CPU.Build.0 = Debug|Any CPU
		{AA416374-CAA0-4D60-9719-01DE60E0A285}.Release|Any CPU.ActiveCfg = Release|Any CPU
		{AA416374-CAA0-4D60-9719-01DE60E0A285}.Release|Any CPU.Build.0 = Release|Any CPU
	EndGlobalSection
	GlobalSection(SolutionProperties) = preSolution
		HideSolutionNode = FALSE
	EndGlobalSection
	GlobalSection(ExtensibilityGlobals) = postSolution
		SolutionGuid = {7BE90A4B-C7D5-4665-A08C-D62621F19588}
	EndGlobalSection
EndGlobal
